
Microsoft Visual Studio Solution File, Format Version 12.00
# Visual Studio Version 17
VisualStudioVersion = 17.4.33110.190
MinimumVisualStudioVersion = 10.0.40219.1
Project("{FAE04EC0-301F-11D3-BF4B-00C04F79EFBC}") = "OopDemo", "OopDemo\OopDemo.csproj", "{EB9D3C88-E6D2-4FDF-8125-3664C4CC2E46}"
EndProject
Global
	GlobalSection(SolutionConfigurationPlatforms) = preSolution
		Debug|Any CPU = Debug|Any CPU
		Release|Any CPU = Release|Any CPU
	EndGlobalSection
	GlobalSection(ProjectConfigurationPlatforms) = postSolution
		{EB9D3C88-E6D2-4FDF-8125-3664C4CC2E46}.Debug|Any CPU.ActiveCfg = Debug|Any CPU
		{EB9D3C88-E6D2-4FDF-8125-3664C4CC2E46}.Debug|Any CPU.Build.0 = Debug|Any CPU
		{EB9D3C88-E6D2-4FDF-8125-3664C4CC2E46}.Release|Any CPU.ActiveCfg = Release|Any CPU
		{EB9D3C88-E6D2-4FDF-8125-3664C4CC2E46}.Release|Any CPU.Build.0 = Release|Any CPU
	EndGlobalSection
	GlobalSection(SolutionProperties) = preSolution
		HideSolutionNode = FALSE
	EndGlobalSection
	GlobalSection(ExtensibilityGlobals) = postSolution
		SolutionGuid = {B17DEF42-9D33-443E-9B11-94B58C475EBC}
	EndGlobalSection
EndGlobal
